
Microsoft Visual Studio Solution File, Format Version 12.00
# Visual Studio 15
VisualStudioVersion = 15.0.28307.572
MinimumVisualStudioVersion = 10.0.40219.1
Project("{FAE04EC0-301F-11D3-BF4B-00C04F79EFBC}") = "MyPrismMef", "MyPrismMef\MyPrismMef.csproj", "{06387142-4D06-412F-B8B3-26DF71A7E71B}"
EndProject
Project("{2150E333-8FDC-42A3-9474-1A3956D46DE8}") = "1.BootstrapperShell", "1.BootstrapperShell", "{34AB06CB-20CC-4A44-81E3-D5149EDDB020}"
EndProject
Project("{2150E333-8FDC-42A3-9474-1A3956D46DE8}") = "2.Regions", "2.Regions", "{1F478EAF-534C-4813-870E-EE6F2E339689}"
EndProject
Project("{FAE04EC0-301F-11D3-BF4B-00C04F79EFBC}") = "WpfPrismRegion", "WpfPrismRegion\WpfPrismRegion.csproj", "{D76586C6-07C1-49BA-A68B-3603DE4BF610}"
EndProject
Project("{2150E333-8FDC-42A3-9474-1A3956D46DE8}") = "3.Modules", "3.Modules", "{406C029E-4286-47D3-8FE1-3F0ED50E3B9F}"
EndProject
Project("{FAE04EC0-301F-11D3-BF4B-00C04F79EFBC}") = "PrismMefModules", "PrismMefModules\PrismMefModules.csproj", "{BF29A905-BCBE-43F8-9056-260511849647}"
EndProject
Project("{FAE04EC0-301F-11D3-BF4B-00C04F79EFBC}") = "MefCoreControls", "MefCoreControls\MefCoreControls.csproj", "{AC109222-E270-45DE-A4F7-54BD692AF881}"
EndProject
Project("{FAE04EC0-301F-11D3-BF4B-00C04F79EFBC}") = "Prism.Modules.INotifySample", "Prism.Modules.INotifySample\Prism.Modules.INotifySample.csproj", "{522D4799-19DD-47B3-82C7-4FC1DEC078F2}"
EndProject
Project("{2150E333-8FDC-42A3-9474-1A3956D46DE8}") = "4.DelegateCommand", "4.DelegateCommand", "{BFED0E06-1354-4751-BE98-41E58C313E10}"
EndProject
Project("{FAE04EC0-301F-11D3-BF4B-00C04F79EFBC}") = "UserRegistration", "UserRegistration\UserRegistration.csproj", "{25303D3C-CEE2-4924-9C4C-2C601967B43A}"
EndProject
Project("{FAE04EC0-301F-11D3-BF4B-00C04F79EFBC}") = "UserRegistration.Modules.UserForm", "UserRegistration.Modules.UserForm\UserRegistration.Modules.UserForm.csproj", "{F4A3DDD1-B32D-42C6-9BBC-24EACEE82C24}"
EndProject
Project("{2150E333-8FDC-42A3-9474-1A3956D46DE8}") = "5.EventAggregator", "5.EventAggregator", "{19A00C2C-8BE5-4C7E-A03C-C4F64773F965}"
EndProject
Project("{FAE04EC0-301F-11D3-BF4B-00C04F79EFBC}") = "PrismEventAggregator", "PrismEventAggregator\PrismEventAggregator.csproj", "{30362C4F-14B1-40A3-A1CA-8D0DBDC611A3}"
EndProject
Project("{FAE04EC0-301F-11D3-BF4B-00C04F79EFBC}") = "ModuleA", "ModuleA\ModuleA.csproj", "{BA523C01-1371-499A-B90C-05BDED1EE357}"
EndProject
Project("{FAE04EC0-301F-11D3-BF4B-00C04F79EFBC}") = "ModuleB", "ModuleB\ModuleB.csproj", "{47906967-2484-4FFC-916E-DC01C2D97F48}"
EndProject
Project("{FAE04EC0-301F-11D3-BF4B-00C04F79EFBC}") = "EventAggregator.Core", "EventAggregator.Core\EventAggregator.Core.csproj", "{B1F1997C-DBA1-49FE-8152-CC80EC5CD14E}"
EndProject
Project("{2150E333-8FDC-42A3-9474-1A3956D46DE8}") = "6.CRUDOperation", "6.CRUDOperation", "{30AB6A88-85AE-4360-BB5B-6AEF8CAD4735}"
EndProject
Project("{FAE04EC0-301F-11D3-BF4B-00C04F79EFBC}") = "WPFCrud", "WPFCrud\WPFCrud.csproj", "{E35B965C-1693-4895-ADDC-8EB095ED0657}"
EndProject
Global
	GlobalSection(SolutionConfigurationPlatforms) = preSolution
		Debug|Any CPU = Debug|Any CPU
		Release|Any CPU = Release|Any CPU
	EndGlobalSection
	GlobalSection(ProjectConfigurationPlatforms) = postSolution
		{06387142-4D06-412F-B8B3-26DF71A7E71B}.Debug|Any CPU.ActiveCfg = Debug|Any CPU
		{06387142-4D06-412F-B8B3-26DF71A7E71B}.Debug|Any CPU.Build.0 = Debug|Any CPU
		{06387142-4D06-412F-B8B3-26DF71A7E71B}.Release|Any CPU.ActiveCfg = Release|Any CPU
		{06387142-4D06-412F-B8B3-26DF71A7E71B}.Release|Any CPU.Build.0 = Release|Any CPU
		{D76586C6-07C1-49BA-A68B-3603DE4BF610}.Debug|Any CPU.ActiveCfg = Debug|Any CPU
		{D76586C6-07C1-49BA-A68B-3603DE4BF610}.Debug|Any CPU.Build.0 = Debug|Any CPU
		{D76586C6-07C1-49BA-A68B-3603DE4BF610}.Release|Any CPU.ActiveCfg = Release|Any CPU
		{D76586C6-07C1-49BA-A68B-3603DE4BF610}.Release|Any CPU.Build.0 = Release|Any CPU
		{BF29A905-BCBE-43F8-9056-260511849647}.Debug|Any CPU.ActiveCfg = Debug|Any CPU
		{BF29A905-BCBE-43F8-9056-260511849647}.Debug|Any CPU.Build.0 = Debug|Any CPU
		{BF29A905-BCBE-43F8-9056-260511849647}.Release|Any CPU.ActiveCfg = Release|Any CPU
		{BF29A905-BCBE-43F8-9056-260511849647}.Release|Any CPU.Build.0 = Release|Any CPU
		{AC109222-E270-45DE-A4F7-54BD692AF881}.Debug|Any CPU.ActiveCfg = Debug|Any CPU
		{AC109222-E270-45DE-A4F7-54BD692AF881}.Debug|Any CPU.Build.0 = Debug|Any CPU
		{AC109222-E270-45DE-A4F7-54BD692AF881}.Release|Any CPU.ActiveCfg = Release|Any CPU
		{AC109222-E270-45DE-A4F7-54BD692AF881}.Release|Any CPU.Build.0 = Release|Any CPU
		{522D4799-19DD-47B3-82C7-4FC1DEC078F2}.Debug|Any CPU.ActiveCfg = Debug|Any CPU
		{522D4799-19DD-47B3-82C7-4FC1DEC078F2}.Debug|Any CPU.Build.0 = Debug|Any CPU
		{522D4799-19DD-47B3-82C7-4FC1DEC078F2}.Release|Any CPU.ActiveCfg = Release|Any CPU
		{522D4799-19DD-47B3-82C7-4FC1DEC078F2}.Release|Any CPU.Build.0 = Release|Any CPU
		{25303D3C-CEE2-4924-9C4C-2C601967B43A}.Debug|Any CPU.ActiveCfg = Debug|Any CPU
		{25303D3C-CEE2-4924-9C4C-2C601967B43A}.Debug|Any CPU.Build.0 = Debug|Any CPU
		{25303D3C-CEE2-4924-9C4C-2C601967B43A}.Release|Any CPU.ActiveCfg = Release|Any CPU
		{25303D3C-CEE2-4924-9C4C-2C601967B43A}.Release|Any CPU.Build.0 = Release|Any CPU
		{F4A3DDD1-B32D-42C6-9BBC-24EACEE82C24}.Debug|Any CPU.ActiveCfg = Debug|Any CPU
		{F4A3DDD1-B32D-42C6-9BBC-24EACEE82C24}.Debug|Any CPU.Build.0 = Debug|Any CPU
		{F4A3DDD1-B32D-42C6-9BBC-24EACEE82C24}.Release|Any CPU.ActiveCfg = Release|Any CPU
		{F4A3DDD1-B32D-42C6-9BBC-24EACEE82C24}.Release|Any CPU.Build.0 = Release|Any CPU
		{30362C4F-14B1-40A3-A1CA-8D0DBDC611A3}.Debug|Any CPU.ActiveCfg = Debug|Any CPU
		{30362C4F-14B1-40A3-A1CA-8D0DBDC611A3}.Debug|Any CPU.Build.0 = Debug|Any CPU
		{30362C4F-14B1-40A3-A1CA-8D0DBDC611A3}.Release|Any CPU.ActiveCfg = Release|Any CPU
		{30362C4F-14B1-40A3-A1CA-8D0DBDC611A3}.Release|Any CPU.Build.0 = Release|Any CPU
		{BA523C01-1371-499A-B90C-05BDED1EE357}.Debug|Any CPU.ActiveCfg = Debug|Any CPU
		{BA523C01-1371-499A-B90C-05BDED1EE357}.Debug|Any CPU.Build.0 = Debug|Any CPU
		{BA523C01-1371-499A-B90C-05BDED1EE357}.Release|Any CPU.ActiveCfg = Release|Any CPU
		{BA523C01-1371-499A-B90C-05BDED1EE357}.Release|Any CPU.Build.0 = Release|Any CPU
		{47906967-2484-4FFC-916E-DC01C2D97F48}.Debug|Any CPU.ActiveCfg = Debug|Any CPU
		{47906967-2484-4FFC-916E-DC01C2D97F48}.Debug|Any CPU.Build.0 = Debug|Any CPU
		{47906967-2484-4FFC-916E-DC01C2D97F48}.Release|Any CPU.ActiveCfg = Release|Any CPU
		{47906967-2484-4FFC-916E-DC01C2D97F48}.Release|Any CPU.Build.0 = Release|Any CPU
		{B1F1997C-DBA1-49FE-8152-CC80EC5CD14E}.Debug|Any CPU.ActiveCfg = Debug|Any CPU
		{B1F1997C-DBA1-49FE-8152-CC80EC5CD14E}.Debug|Any CPU.Build.0 = Debug|Any CPU
		{B1F1997C-DBA1-49FE-8152-CC80EC5CD14E}.Release|Any CPU.ActiveCfg = Release|Any CPU
		{B1F1997C-DBA1-49FE-8152-CC80EC5CD14E}.Release|Any CPU.Build.0 = Release|Any CPU
		{E35B965C-1693-4895-ADDC-8EB095ED0657}.Debug|Any CPU.ActiveCfg = Debug|Any CPU
		{E35B965C-1693-4895-ADDC-8EB095ED0657}.Debug|Any CPU.Build.0 = Debug|Any CPU
		{E35B965C-1693-4895-ADDC-8EB095ED0657}.Release|Any CPU.ActiveCfg = Release|Any CPU
		{E35B965C-1693-4895-ADDC-8EB095ED0657}.Release|Any CPU.Build.0 = Release|Any CPU
	EndGlobalSection
	GlobalSection(SolutionProperties) = preSolution
		HideSolutionNode = FALSE
	EndGlobalSection
	GlobalSection(NestedProjects) = preSolution
		{06387142-4D06-412F-B8B3-26DF71A7E71B} = {34AB06CB-20CC-4A44-81E3-D5149EDDB020}
		{D76586C6-07C1-49BA-A68B-3603DE4BF610} = {1F478EAF-534C-4813-870E-EE6F2E339689}
		{BF29A905-BCBE-43F8-9056-260511849647} = {406C029E-4286-47D3-8FE1-3F0ED50E3B9F}
		{AC109222-E270-45DE-A4F7-54BD692AF881} = {406C029E-4286-47D3-8FE1-3F0ED50E3B9F}
		{522D4799-19DD-47B3-82C7-4FC1DEC078F2} = {406C029E-4286-47D3-8FE1-3F0ED50E3B9F}
		{25303D3C-CEE2-4924-9C4C-2C601967B43A} = {BFED0E06-1354-4751-BE98-41E58C313E10}
		{F4A3DDD1-B32D-42C6-9BBC-24EACEE82C24} = {BFED0E06-1354-4751-BE98-41E58C313E10}
		{30362C4F-14B1-40A3-A1CA-8D0DBDC611A3} = {19A00C2C-8BE5-4C7E-A03C-C4F64773F965}
		{BA523C01-1371-499A-B90C-05BDED1EE357} = {19A00C2C-8BE5-4C7E-A03C-C4F64773F965}
		{47906967-2484-4FFC-916E-DC01C2D97F48} = {19A00C2C-8BE5-4C7E-A03C-C4F64773F965}
		{B1F1997C-DBA1-49FE-8152-CC80EC5CD14E} = {19A00C2C-8BE5-4C7E-A03C-C4F64773F965}
		{E35B965C-1693-4895-ADDC-8EB095ED0657} = {30AB6A88-85AE-4360-BB5B-6AEF8CAD4735}
	EndGlobalSection
	GlobalSection(ExtensibilityGlobals) = postSolution
		SolutionGuid = {97C1C2BF-A268-432C-AD1C-99493DCC611F}
	EndGlobalSection
EndGlobal
